
Microsoft Visual Studio Solution File, Format Version 12.00
# Visual Studio Version 17
VisualStudioVersion = 17.5.002.0
MinimumVisualStudioVersion = 10.0.40219.1
Project("{9A19103F-16F7-4668-BE54-9A1E7A4F7556}") = "DiscountService", "DiscountService.csproj", "{1F1F7191-CA42-48E9-A02E-2B4A81DE01ED}"
EndProject
Global
	GlobalSection(SolutionConfigurationPlatforms) = preSolution
		Debug|Any CPU = Debug|Any CPU
		Release|Any CPU = Release|Any CPU
	EndGlobalSection
	GlobalSection(ProjectConfigurationPlatforms) = postSolution
		{1F1F7191-CA42-48E9-A02E-2B4A81DE01ED}.Debug|Any CPU.ActiveCfg = Debug|Any CPU
		{1F1F7191-CA42-48E9-A02E-2B4A81DE01ED}.Debug|Any CPU.Build.0 = Debug|Any CPU
		{1F1F7191-CA42-48E9-A02E-2B4A81DE01ED}.Release|Any CPU.ActiveCfg = Release|Any CPU
		{1F1F7191-CA42-48E9-A02E-2B4A81DE01ED}.Release|Any CPU.Build.0 = Release|Any CPU
	EndGlobalSection
	GlobalSection(SolutionProperties) = preSolution
		HideSolutionNode = FALSE
	EndGlobalSection
	GlobalSection(ExtensibilityGlobals) = postSolution
		SolutionGuid = {74EA5CE5-4DE2-4021-B1D7-1299F4FBA823}
	EndGlobalSection
EndGlobal
